
Microsoft Visual Studio Solution File, Format Version 12.00
# Visual Studio Version 17
VisualStudioVersion = 17.0.31903.59
MinimumVisualStudioVersion = 10.0.40219.1
Project("{FAE04EC0-301F-11D3-BF4B-00C04F79EFBC}") = "Ringfall.Core", "Ringfall.Core\Ringfall.Core.csproj", "{95BD274E-3E53-4A27-BC1D-4224BBBAB871}"
EndProject
Project("{FAE04EC0-301F-11D3-BF4B-00C04F79EFBC}") = "Ringfall.Headless", "Ringfall.Headless\Ringfall.Headless.csproj", "{C4593C5A-BFE6-4FC4-A610-08CA09B62431}"
EndProject
Project("{FAE04EC0-301F-11D3-BF4B-00C04F79EFBC}") = "Ringfall.Core.Tests", "Ringfall.Core.Tests\Ringfall.Core.Tests.csproj", "{49BEF3F7-6B71-49DE-B346-16EC4088CF1C}"
EndProject
Global
	GlobalSection(SolutionConfigurationPlatforms) = preSolution
		Debug|Any CPU = Debug|Any CPU
		Debug|x64 = Debug|x64
		Debug|x86 = Debug|x86
		Release|Any CPU = Release|Any CPU
		Release|x64 = Release|x64
		Release|x86 = Release|x86
	EndGlobalSection
	GlobalSection(ProjectConfigurationPlatforms) = postSolution
		{95BD274E-3E53-4A27-BC1D-4224BBBAB871}.Debug|Any CPU.ActiveCfg = Debug|Any CPU
		{95BD274E-3E53-4A27-BC1D-4224BBBAB871}.Debug|Any CPU.Build.0 = Debug|Any CPU
		{95BD274E-3E53-4A27-BC1D-4224BBBAB871}.Debug|x64.ActiveCfg = Debug|Any CPU
		{95BD274E-3E53-4A27-BC1D-4224BBBAB871}.Debug|x64.Build.0 = Debug|Any CPU
		{95BD274E-3E53-4A27-BC1D-4224BBBAB871}.Debug|x86.ActiveCfg = Debug|Any CPU
		{95BD274E-3E53-4A27-BC1D-4224BBBAB871}.Debug|x86.Build.0 = Debug|Any CPU
		{95BD274E-3E53-4A27-BC1D-4224BBBAB871}.Release|Any CPU.ActiveCfg = Release|Any CPU
		{95BD274E-3E53-4A27-BC1D-4224BBBAB871}.Release|Any CPU.Build.0 = Release|Any CPU
		{95BD274E-3E53-4A27-BC1D-4224BBBAB871}.Release|x64.ActiveCfg = Release|Any CPU
		{95BD274E-3E53-4A27-BC1D-4224BBBAB871}.Release|x64.Build.0 = Release|Any CPU
		{95BD274E-3E53-4A27-BC1D-4224BBBAB871}.Release|x86.ActiveCfg = Release|Any CPU
		{95BD274E-3E53-4A27-BC1D-4224BBBAB871}.Release|x86.Build.0 = Release|Any CPU
		{C4593C5A-BFE6-4FC4-A610-08CA09B62431}.Debug|Any CPU.ActiveCfg = Debug|Any CPU
		{C4593C5A-BFE6-4FC4-A610-08CA09B62431}.Debug|Any CPU.Build.0 = Debug|Any CPU
		{C4593C5A-BFE6-4FC4-A610-08CA09B62431}.Debug|x64.ActiveCfg = Debug|Any CPU
		{C4593C5A-BFE6-4FC4-A610-08CA09B62431}.Debug|x64.Build.0 = Debug|Any CPU
		{C4593C5A-BFE6-4FC4-A610-08CA09B62431}.Debug|x86.ActiveCfg = Debug|Any CPU
		{C4593C5A-BFE6-4FC4-A610-08CA09B62431}.Debug|x86.Build.0 = Debug|Any CPU
		{C4593C5A-BFE6-4FC4-A610-08CA09B62431}.Release|Any CPU.ActiveCfg = Release|Any CPU
		{C4593C5A-BFE6-4FC4-A610-08CA09B62431}.Release|Any CPU.Build.0 = Release|Any CPU
		{C4593C5A-BFE6-4FC4-A610-08CA09B62431}.Release|x64.ActiveCfg = Release|Any CPU
		{C4593C5A-BFE6-4FC4-A610-08CA09B62431}.Release|x64.Build.0 = Release|Any CPU
		{C4593C5A-BFE6-4FC4-A610-08CA09B62431}.Release|x86.ActiveCfg = Release|Any CPU
		{C4593C5A-BFE6-4FC4-A610-08CA09B62431}.Release|x86.Build.0 = Release|Any CPU
		{49BEF3F7-6B71-49DE-B346-16EC4088CF1C}.Debug|Any CPU.ActiveCfg = Debug|Any CPU
		{49BEF3F7-6B71-49DE-B346-16EC4088CF1C}.Debug|Any CPU.Build.0 = Debug|Any CPU
		{49BEF3F7-6B71-49DE-B346-16EC4088CF1C}.Debug|x64.ActiveCfg = Debug|Any CPU
		{49BEF3F7-6B71-49DE-B346-16EC4088CF1C}.Debug|x64.Build.0 = Debug|Any CPU
		{49BEF3F7-6B71-49DE-B346-16EC4088CF1C}.Debug|x86.ActiveCfg = Debug|Any CPU
		{49BEF3F7-6B71-49DE-B346-16EC4088CF1C}.Debug|x86.Build.0 = Debug|Any CPU
		{49BEF3F7-6B71-49DE-B346-16EC4088CF1C}.Release|Any CPU.ActiveCfg = Release|Any CPU
		{49BEF3F7-6B71-49DE-B346-16EC4088CF1C}.Release|Any CPU.Build.0 = Release|Any CPU
		{49BEF3F7-6B71-49DE-B346-16EC4088CF1C}.Release|x64.ActiveCfg = Release|Any CPU
		{49BEF3F7-6B71-49DE-B346-16EC4088CF1C}.Release|x64.Build.0 = Release|Any CPU
		{49BEF3F7-6B71-49DE-B346-16EC4088CF1C}.Release|x86.ActiveCfg = Release|Any CPU
		{49BEF3F7-6B71-49DE-B346-16EC4088CF1C}.Release|x86.Build.0 = Release|Any CPU
	EndGlobalSection
	GlobalSection(SolutionProperties) = preSolution
		HideSolutionNode = FALSE
	EndGlobalSection
EndGlobal
